
Microsoft Visual Studio Solution File, Format Version 12.00
# Visual Studio 15
Project("{FAE04EC0-301F-11D3-BF4B-00C04F79EFBC}") = "user_handler", "user_handler\user_handler.csproj", "{BB8CDEBF-AC96-4AB8-9F86-6572F129A717}"
EndProject
Project("{E53339B2-1760-4266-BCC7-CA923CBCF16C}") = "docker-compose", "docker-compose.dcproj", "{2D91A3EF-00E1-467E-A51D-9C81D929EDAD}"
EndProject
Project("{FAE04EC0-301F-11D3-BF4B-00C04F79EFBC}") = "notification_handler", "..\notification_handler\notification_handler\notification_handler.csproj", "{DE7CB803-1F48-474C-BD0D-0F3ACD8A0DC2}"
EndProject
Global
	GlobalSection(SolutionConfigurationPlatforms) = preSolution
		Debug|Any CPU = Debug|Any CPU
		Release|Any CPU = Release|Any CPU
	EndGlobalSection
	GlobalSection(ProjectConfigurationPlatforms) = postSolution
		{BB8CDEBF-AC96-4AB8-9F86-6572F129A717}.Debug|Any CPU.ActiveCfg = Debug|Any CPU
		{BB8CDEBF-AC96-4AB8-9F86-6572F129A717}.Debug|Any CPU.Build.0 = Debug|Any CPU
		{BB8CDEBF-AC96-4AB8-9F86-6572F129A717}.Release|Any CPU.ActiveCfg = Release|Any CPU
		{BB8CDEBF-AC96-4AB8-9F86-6572F129A717}.Release|Any CPU.Build.0 = Release|Any CPU
		{2D91A3EF-00E1-467E-A51D-9C81D929EDAD}.Debug|Any CPU.ActiveCfg = Debug|Any CPU
		{2D91A3EF-00E1-467E-A51D-9C81D929EDAD}.Debug|Any CPU.Build.0 = Debug|Any CPU
		{2D91A3EF-00E1-467E-A51D-9C81D929EDAD}.Release|Any CPU.ActiveCfg = Release|Any CPU
		{2D91A3EF-00E1-467E-A51D-9C81D929EDAD}.Release|Any CPU.Build.0 = Release|Any CPU
		{DE7CB803-1F48-474C-BD0D-0F3ACD8A0DC2}.Debug|Any CPU.ActiveCfg = Debug|Any CPU
		{DE7CB803-1F48-474C-BD0D-0F3ACD8A0DC2}.Debug|Any CPU.Build.0 = Debug|Any CPU
		{DE7CB803-1F48-474C-BD0D-0F3ACD8A0DC2}.Release|Any CPU.ActiveCfg = Release|Any CPU
		{DE7CB803-1F48-474C-BD0D-0F3ACD8A0DC2}.Release|Any CPU.Build.0 = Release|Any CPU
	EndGlobalSection
EndGlobal
